PODS:
  - LionheartCurrencyTextField (0.1.0):
    - LionheartExtensions (~> 2.0)
  - LionheartExtensions (2.0.0):
    - LionheartExtensions/Core (= 2.0.0)
  - LionheartExtensions/Core (2.0.0)

DEPENDENCIES:
  - LionheartCurrencyTextField (from `../`)
  - LionheartExtensions (~> 2.0)

EXTERNAL SOURCES:
  LionheartCurrencyTextField:
    :path: "../"

SPEC CHECKSUMS:
  LionheartCurrencyTextField: ed824349c416ff53b9f621680a5625eb7085e4ef
  LionheartExtensions: 71d45d91e492dd090b2e8c73fd002a04c327648d

PODFILE CHECKSUM: 8bdfb5f0cb8d2ce23ada2ddce092a89d8ec71ce9

COCOAPODS: 1.1.0.rc.2
