PODS:
  - LionheartCurrencyTextField (2.0.2):
    - LionheartExtensions
  - LionheartExtensions (3.4.1):
    - LionheartExtensions/Core (= 3.4.1)
  - LionheartExtensions/Core (3.4.1)

DEPENDENCIES:
  - LionheartCurrencyTextField (from `../`)
  - LionheartExtensions (~> 3)

EXTERNAL SOURCES:
  LionheartCurrencyTextField:
    :path: ../

SPEC CHECKSUMS:
  LionheartCurrencyTextField: 51e0a65428f94da866171e6a8fb551a9e93c2b69
  LionheartExtensions: a6a1a95f052dede5312adf25bdb5327ca47309ad

PODFILE CHECKSUM: 35d3f6ffb61045dba33315139aa86d432fbe00f2

COCOAPODS: 1.3.1
